
Microsoft Visual Studio Solution File, Format Version 12.00
# Visual Studio Version 17
VisualStudioVersion = 17.11.35208.52
MinimumVisualStudioVersion = 10.0.40219.1
Project("{FAE04EC0-301F-11D3-BF4B-00C04F79EFBC}") = "BackspaceStringCompare", "BackspaceStringCompare\BackspaceStringCompare.csproj", "{F3F7C975-2272-4D41-8700-6FBD31DDBB51}"
EndProject
Global
	GlobalSection(SolutionConfigurationPlatforms) = preSolution
		Debug|Any CPU = Debug|Any CPU
		Release|Any CPU = Release|Any CPU
	EndGlobalSection
	GlobalSection(ProjectConfigurationPlatforms) = postSolution
		{F3F7C975-2272-4D41-8700-6FBD31DDBB51}.Debug|Any CPU.ActiveCfg = Debug|Any CPU
		{F3F7C975-2272-4D41-8700-6FBD31DDBB51}.Debug|Any CPU.Build.0 = Debug|Any CPU
		{F3F7C975-2272-4D41-8700-6FBD31DDBB51}.Release|Any CPU.ActiveCfg = Release|Any CPU
		{F3F7C975-2272-4D41-8700-6FBD31DDBB51}.Release|Any CPU.Build.0 = Release|Any CPU
	EndGlobalSection
	GlobalSection(SolutionProperties) = preSolution
		HideSolutionNode = FALSE
	EndGlobalSection
	GlobalSection(ExtensibilityGlobals) = postSolution
		SolutionGuid = {C661EDF9-7127-495E-8891-EDC9AF28E615}
	EndGlobalSection
EndGlobal
