
Microsoft Visual Studio Solution File, Format Version 12.00
# Visual Studio Version 17
VisualStudioVersion = 17.11.35208.52
MinimumVisualStudioVersion = 10.0.40219.1
Project("{FAE04EC0-301F-11D3-BF4B-00C04F79EFBC}") = "FindSmallestMissingNumber", "FindSmallestMissingNumber\FindSmallestMissingNumber.csproj", "{148FD007-A5F9-46FC-94BB-DED27E492557}"
EndProject
Global
	GlobalSection(SolutionConfigurationPlatforms) = preSolution
		Debug|Any CPU = Debug|Any CPU
		Release|Any CPU = Release|Any CPU
	EndGlobalSection
	GlobalSection(ProjectConfigurationPlatforms) = postSolution
		{148FD007-A5F9-46FC-94BB-DED27E492557}.Debug|Any CPU.ActiveCfg = Debug|Any CPU
		{148FD007-A5F9-46FC-94BB-DED27E492557}.Debug|Any CPU.Build.0 = Debug|Any CPU
		{148FD007-A5F9-46FC-94BB-DED27E492557}.Release|Any CPU.ActiveCfg = Release|Any CPU
		{148FD007-A5F9-46FC-94BB-DED27E492557}.Release|Any CPU.Build.0 = Release|Any CPU
	EndGlobalSection
	GlobalSection(SolutionProperties) = preSolution
		HideSolutionNode = FALSE
	EndGlobalSection
	GlobalSection(ExtensibilityGlobals) = postSolution
		SolutionGuid = {F78C2966-224C-418C-8F9B-C637FDCA3EAE}
	EndGlobalSection
EndGlobal
