
Microsoft Visual Studio Solution File, Format Version 12.00
# Visual Studio Version 17
VisualStudioVersion = 17.10.35027.167
MinimumVisualStudioVersion = 10.0.40219.1
Project("{FAE04EC0-301F-11D3-BF4B-00C04F79EFBC}") = "UniversityManager", "UniversityManager\UniversityManager.csproj", "{A01D2F71-2FFC-42F2-A3BC-A8F99121AE07}"
EndProject
Global
	GlobalSection(SolutionConfigurationPlatforms) = preSolution
		Debug|Any CPU = Debug|Any CPU
		Release|Any CPU = Release|Any CPU
	EndGlobalSection
	GlobalSection(ProjectConfigurationPlatforms) = postSolution
		{A01D2F71-2FFC-42F2-A3BC-A8F99121AE07}.Debug|Any CPU.ActiveCfg = Debug|Any CPU
		{A01D2F71-2FFC-42F2-A3BC-A8F99121AE07}.Debug|Any CPU.Build.0 = Debug|Any CPU
		{A01D2F71-2FFC-42F2-A3BC-A8F99121AE07}.Release|Any CPU.ActiveCfg = Release|Any CPU
		{A01D2F71-2FFC-42F2-A3BC-A8F99121AE07}.Release|Any CPU.Build.0 = Release|Any CPU
	EndGlobalSection
	GlobalSection(SolutionProperties) = preSolution
		HideSolutionNode = FALSE
	EndGlobalSection
	GlobalSection(ExtensibilityGlobals) = postSolution
		SolutionGuid = {079CD8C0-69D8-4757-8840-FF2BA4DEDA48}
	EndGlobalSection
EndGlobal
