
Microsoft Visual Studio Solution File, Format Version 12.00
# Visual Studio Version 17
VisualStudioVersion = 17.11.35208.52
MinimumVisualStudioVersion = 10.0.40219.1
Project("{FAE04EC0-301F-11D3-BF4B-00C04F79EFBC}") = "Strategy", "Strategy\Strategy.csproj", "{B17FCEC6-1B6E-40FA-BA84-72313BADA0A5}"
EndProject
Global
	GlobalSection(SolutionConfigurationPlatforms) = preSolution
		Debug|Any CPU = Debug|Any CPU
		Release|Any CPU = Release|Any CPU
	EndGlobalSection
	GlobalSection(ProjectConfigurationPlatforms) = postSolution
		{B17FCEC6-1B6E-40FA-BA84-72313BADA0A5}.Debug|Any CPU.ActiveCfg = Debug|Any CPU
		{B17FCEC6-1B6E-40FA-BA84-72313BADA0A5}.Debug|Any CPU.Build.0 = Debug|Any CPU
		{B17FCEC6-1B6E-40FA-BA84-72313BADA0A5}.Release|Any CPU.ActiveCfg = Release|Any CPU
		{B17FCEC6-1B6E-40FA-BA84-72313BADA0A5}.Release|Any CPU.Build.0 = Release|Any CPU
	EndGlobalSection
	GlobalSection(SolutionProperties) = preSolution
		HideSolutionNode = FALSE
	EndGlobalSection
	GlobalSection(ExtensibilityGlobals) = postSolution
		SolutionGuid = {094DA687-9C80-4B87-B5F8-8A27DC981D97}
	EndGlobalSection
EndGlobal
