
Microsoft Visual Studio Solution File, Format Version 12.00
# Visual Studio Version 17
VisualStudioVersion = 17.10.35027.167
MinimumVisualStudioVersion = 10.0.40219.1
Project("{FAE04EC0-301F-11D3-BF4B-00C04F79EFBC}") = "LibraryManagementSystem", "LibraryManagementSystem\LibraryManagementSystem.csproj", "{93B12A3B-5D2D-440C-BEB0-3093C6A5120D}"
EndProject
Global
	GlobalSection(SolutionConfigurationPlatforms) = preSolution
		Debug|Any CPU = Debug|Any CPU
		Release|Any CPU = Release|Any CPU
	EndGlobalSection
	GlobalSection(ProjectConfigurationPlatforms) = postSolution
		{93B12A3B-5D2D-440C-BEB0-3093C6A5120D}.Debug|Any CPU.ActiveCfg = Debug|Any CPU
		{93B12A3B-5D2D-440C-BEB0-3093C6A5120D}.Debug|Any CPU.Build.0 = Debug|Any CPU
		{93B12A3B-5D2D-440C-BEB0-3093C6A5120D}.Release|Any CPU.ActiveCfg = Release|Any CPU
		{93B12A3B-5D2D-440C-BEB0-3093C6A5120D}.Release|Any CPU.Build.0 = Release|Any CPU
	EndGlobalSection
	GlobalSection(SolutionProperties) = preSolution
		HideSolutionNode = FALSE
	EndGlobalSection
	GlobalSection(ExtensibilityGlobals) = postSolution
		SolutionGuid = {1FAACE78-B9B9-4802-BDE8-FAAE9BFA55B6}
	EndGlobalSection
EndGlobal
