
Microsoft Visual Studio Solution File, Format Version 12.00
# Visual Studio Version 17
VisualStudioVersion = 17.11.35208.52
MinimumVisualStudioVersion = 10.0.40219.1
Project("{FAE04EC0-301F-11D3-BF4B-00C04F79EFBC}") = "SameTree", "SameTree\SameTree.csproj", "{B058ECE3-C7A0-45B6-A5CA-FE27112D478E}"
EndProject
Global
	GlobalSection(SolutionConfigurationPlatforms) = preSolution
		Debug|Any CPU = Debug|Any CPU
		Release|Any CPU = Release|Any CPU
	EndGlobalSection
	GlobalSection(ProjectConfigurationPlatforms) = postSolution
		{B058ECE3-C7A0-45B6-A5CA-FE27112D478E}.Debug|Any CPU.ActiveCfg = Debug|Any CPU
		{B058ECE3-C7A0-45B6-A5CA-FE27112D478E}.Debug|Any CPU.Build.0 = Debug|Any CPU
		{B058ECE3-C7A0-45B6-A5CA-FE27112D478E}.Release|Any CPU.ActiveCfg = Release|Any CPU
		{B058ECE3-C7A0-45B6-A5CA-FE27112D478E}.Release|Any CPU.Build.0 = Release|Any CPU
	EndGlobalSection
	GlobalSection(SolutionProperties) = preSolution
		HideSolutionNode = FALSE
	EndGlobalSection
	GlobalSection(ExtensibilityGlobals) = postSolution
		SolutionGuid = {F0C301AE-C993-478E-B4B3-70217CFA098F}
	EndGlobalSection
EndGlobal
