
Microsoft Visual Studio Solution File, Format Version 12.00
# Visual Studio Version 17
VisualStudioVersion = 17.11.35208.52
MinimumVisualStudioVersion = 10.0.40219.1
Project("{FAE04EC0-301F-11D3-BF4B-00C04F79EFBC}") = "FindAllMissingNumberKth", "FindAllMissingNumberKth\FindAllMissingNumberKth.csproj", "{C1D205CD-0588-48A3-8B4E-C8093A9DA1E3}"
EndProject
Global
	GlobalSection(SolutionConfigurationPlatforms) = preSolution
		Debug|Any CPU = Debug|Any CPU
		Release|Any CPU = Release|Any CPU
	EndGlobalSection
	GlobalSection(ProjectConfigurationPlatforms) = postSolution
		{C1D205CD-0588-48A3-8B4E-C8093A9DA1E3}.Debug|Any CPU.ActiveCfg = Debug|Any CPU
		{C1D205CD-0588-48A3-8B4E-C8093A9DA1E3}.Debug|Any CPU.Build.0 = Debug|Any CPU
		{C1D205CD-0588-48A3-8B4E-C8093A9DA1E3}.Release|Any CPU.ActiveCfg = Release|Any CPU
		{C1D205CD-0588-48A3-8B4E-C8093A9DA1E3}.Release|Any CPU.Build.0 = Release|Any CPU
	EndGlobalSection
	GlobalSection(SolutionProperties) = preSolution
		HideSolutionNode = FALSE
	EndGlobalSection
	GlobalSection(ExtensibilityGlobals) = postSolution
		SolutionGuid = {E66F666F-D4FB-4C03-B53F-5AF03861F4F4}
	EndGlobalSection
EndGlobal
