
Microsoft Visual Studio Solution File, Format Version 12.00
# Visual Studio Version 17
VisualStudioVersion = 17.10.35027.167
MinimumVisualStudioVersion = 10.0.40219.1
Project("{FAE04EC0-301F-11D3-BF4B-00C04F79EFBC}") = "FibonacciSequence", "FibonacciSequence\FibonacciSequence.csproj", "{28DA16BA-B7E5-40A3-85E1-6614B442B32A}"
EndProject
Global
	GlobalSection(SolutionConfigurationPlatforms) = preSolution
		Debug|Any CPU = Debug|Any CPU
		Release|Any CPU = Release|Any CPU
	EndGlobalSection
	GlobalSection(ProjectConfigurationPlatforms) = postSolution
		{28DA16BA-B7E5-40A3-85E1-6614B442B32A}.Debug|Any CPU.ActiveCfg = Debug|Any CPU
		{28DA16BA-B7E5-40A3-85E1-6614B442B32A}.Debug|Any CPU.Build.0 = Debug|Any CPU
		{28DA16BA-B7E5-40A3-85E1-6614B442B32A}.Release|Any CPU.ActiveCfg = Release|Any CPU
		{28DA16BA-B7E5-40A3-85E1-6614B442B32A}.Release|Any CPU.Build.0 = Release|Any CPU
	EndGlobalSection
	GlobalSection(SolutionProperties) = preSolution
		HideSolutionNode = FALSE
	EndGlobalSection
	GlobalSection(ExtensibilityGlobals) = postSolution
		SolutionGuid = {E7A8F547-4117-4F57-BA81-296BFEB7EC38}
	EndGlobalSection
EndGlobal
