
Microsoft Visual Studio Solution File, Format Version 12.00
# Visual Studio Version 17
VisualStudioVersion = 17.11.35208.52
MinimumVisualStudioVersion = 10.0.40219.1
Project("{FAE04EC0-301F-11D3-BF4B-00C04F79EFBC}") = "AbstractFactory", "AbstractFactory\AbstractFactory.csproj", "{22AC99B9-6DCF-46C5-A6F0-436DA55763FF}"
EndProject
Global
	GlobalSection(SolutionConfigurationPlatforms) = preSolution
		Debug|Any CPU = Debug|Any CPU
		Release|Any CPU = Release|Any CPU
	EndGlobalSection
	GlobalSection(ProjectConfigurationPlatforms) = postSolution
		{22AC99B9-6DCF-46C5-A6F0-436DA55763FF}.Debug|Any CPU.ActiveCfg = Debug|Any CPU
		{22AC99B9-6DCF-46C5-A6F0-436DA55763FF}.Debug|Any CPU.Build.0 = Debug|Any CPU
		{22AC99B9-6DCF-46C5-A6F0-436DA55763FF}.Release|Any CPU.ActiveCfg = Release|Any CPU
		{22AC99B9-6DCF-46C5-A6F0-436DA55763FF}.Release|Any CPU.Build.0 = Release|Any CPU
	EndGlobalSection
	GlobalSection(SolutionProperties) = preSolution
		HideSolutionNode = FALSE
	EndGlobalSection
	GlobalSection(ExtensibilityGlobals) = postSolution
		SolutionGuid = {D3ED26BD-6D7F-4B2D-89FF-BBA20F77C924}
	EndGlobalSection
EndGlobal
