
Microsoft Visual Studio Solution File, Format Version 12.00
# Visual Studio Version 17
VisualStudioVersion = 17.11.35208.52
MinimumVisualStudioVersion = 10.0.40219.1
Project("{FAE04EC0-301F-11D3-BF4B-00C04F79EFBC}") = "LongestSubstringWithoutRepeating", "LongestSubstringWithoutRepeating\LongestSubstringWithoutRepeating.csproj", "{A5811EC3-B1A2-49F2-870A-D3CF1D11168E}"
EndProject
Global
	GlobalSection(SolutionConfigurationPlatforms) = preSolution
		Debug|Any CPU = Debug|Any CPU
		Release|Any CPU = Release|Any CPU
	EndGlobalSection
	GlobalSection(ProjectConfigurationPlatforms) = postSolution
		{A5811EC3-B1A2-49F2-870A-D3CF1D11168E}.Debug|Any CPU.ActiveCfg = Debug|Any CPU
		{A5811EC3-B1A2-49F2-870A-D3CF1D11168E}.Debug|Any CPU.Build.0 = Debug|Any CPU
		{A5811EC3-B1A2-49F2-870A-D3CF1D11168E}.Release|Any CPU.ActiveCfg = Release|Any CPU
		{A5811EC3-B1A2-49F2-870A-D3CF1D11168E}.Release|Any CPU.Build.0 = Release|Any CPU
	EndGlobalSection
	GlobalSection(SolutionProperties) = preSolution
		HideSolutionNode = FALSE
	EndGlobalSection
	GlobalSection(ExtensibilityGlobals) = postSolution
		SolutionGuid = {A5857DB2-D7F1-4EF6-8E6E-EB65E51E22D9}
	EndGlobalSection
EndGlobal
