
Microsoft Visual Studio Solution File, Format Version 12.00
# Visual Studio Version 17
VisualStudioVersion = 17.10.35027.167
MinimumVisualStudioVersion = 10.0.40219.1
Project("{FAE04EC0-301F-11D3-BF4B-00C04F79EFBC}") = "XMLinq", "XMLinq\XMLinq.csproj", "{222EAA4C-D9FE-49DC-8120-D71DC1778623}"
EndProject
Global
	GlobalSection(SolutionConfigurationPlatforms) = preSolution
		Debug|Any CPU = Debug|Any CPU
		Release|Any CPU = Release|Any CPU
	EndGlobalSection
	GlobalSection(ProjectConfigurationPlatforms) = postSolution
		{222EAA4C-D9FE-49DC-8120-D71DC1778623}.Debug|Any CPU.ActiveCfg = Debug|Any CPU
		{222EAA4C-D9FE-49DC-8120-D71DC1778623}.Debug|Any CPU.Build.0 = Debug|Any CPU
		{222EAA4C-D9FE-49DC-8120-D71DC1778623}.Release|Any CPU.ActiveCfg = Release|Any CPU
		{222EAA4C-D9FE-49DC-8120-D71DC1778623}.Release|Any CPU.Build.0 = Release|Any CPU
	EndGlobalSection
	GlobalSection(SolutionProperties) = preSolution
		HideSolutionNode = FALSE
	EndGlobalSection
	GlobalSection(ExtensibilityGlobals) = postSolution
		SolutionGuid = {2359AC42-0F71-440B-B051-46446E3D7123}
	EndGlobalSection
EndGlobal
