
Microsoft Visual Studio Solution File, Format Version 12.00
# Visual Studio Version 17
VisualStudioVersion = 17.11.35208.52
MinimumVisualStudioVersion = 10.0.40219.1
Project("{FAE04EC0-301F-11D3-BF4B-00C04F79EFBC}") = "LongestPalindromicSubs", "LongestPalindromicSubs\LongestPalindromicSubs.csproj", "{A565E437-B568-449E-8149-F5A8D73B8BCB}"
EndProject
Global
	GlobalSection(SolutionConfigurationPlatforms) = preSolution
		Debug|Any CPU = Debug|Any CPU
		Release|Any CPU = Release|Any CPU
	EndGlobalSection
	GlobalSection(ProjectConfigurationPlatforms) = postSolution
		{A565E437-B568-449E-8149-F5A8D73B8BCB}.Debug|Any CPU.ActiveCfg = Debug|Any CPU
		{A565E437-B568-449E-8149-F5A8D73B8BCB}.Debug|Any CPU.Build.0 = Debug|Any CPU
		{A565E437-B568-449E-8149-F5A8D73B8BCB}.Release|Any CPU.ActiveCfg = Release|Any CPU
		{A565E437-B568-449E-8149-F5A8D73B8BCB}.Release|Any CPU.Build.0 = Release|Any CPU
	EndGlobalSection
	GlobalSection(SolutionProperties) = preSolution
		HideSolutionNode = FALSE
	EndGlobalSection
	GlobalSection(ExtensibilityGlobals) = postSolution
		SolutionGuid = {FE6C41F5-CD8B-4CE2-A0A5-B25CD0BA29C2}
	EndGlobalSection
EndGlobal
