
Microsoft Visual Studio Solution File, Format Version 12.00
# Visual Studio Version 17
VisualStudioVersion = 17.11.35208.52
MinimumVisualStudioVersion = 10.0.40219.1
Project("{FAE04EC0-301F-11D3-BF4B-00C04F79EFBC}") = "TopKFrequentElement", "TopKFrequentElement\TopKFrequentElement.csproj", "{1909FD0B-A444-443F-A733-5C0A6D243A49}"
EndProject
Global
	GlobalSection(SolutionConfigurationPlatforms) = preSolution
		Debug|Any CPU = Debug|Any CPU
		Release|Any CPU = Release|Any CPU
	EndGlobalSection
	GlobalSection(ProjectConfigurationPlatforms) = postSolution
		{1909FD0B-A444-443F-A733-5C0A6D243A49}.Debug|Any CPU.ActiveCfg = Debug|Any CPU
		{1909FD0B-A444-443F-A733-5C0A6D243A49}.Debug|Any CPU.Build.0 = Debug|Any CPU
		{1909FD0B-A444-443F-A733-5C0A6D243A49}.Release|Any CPU.ActiveCfg = Release|Any CPU
		{1909FD0B-A444-443F-A733-5C0A6D243A49}.Release|Any CPU.Build.0 = Release|Any CPU
	EndGlobalSection
	GlobalSection(SolutionProperties) = preSolution
		HideSolutionNode = FALSE
	EndGlobalSection
	GlobalSection(ExtensibilityGlobals) = postSolution
		SolutionGuid = {BD8C4CC8-EAD6-4426-BAF2-ADFBEE505D47}
	EndGlobalSection
EndGlobal
