
Microsoft Visual Studio Solution File, Format Version 12.00
# Visual Studio Version 17
VisualStudioVersion = 17.11.35208.52
MinimumVisualStudioVersion = 10.0.40219.1
Project("{FAE04EC0-301F-11D3-BF4B-00C04F79EFBC}") = "Fantasy_Character", "Fantasy_Character\Fantasy_Character.csproj", "{3A2CDD2D-AC63-4E5C-B2D5-155D153349F2}"
EndProject
Global
	GlobalSection(SolutionConfigurationPlatforms) = preSolution
		Debug|Any CPU = Debug|Any CPU
		Release|Any CPU = Release|Any CPU
	EndGlobalSection
	GlobalSection(ProjectConfigurationPlatforms) = postSolution
		{3A2CDD2D-AC63-4E5C-B2D5-155D153349F2}.Debug|Any CPU.ActiveCfg = Debug|Any CPU
		{3A2CDD2D-AC63-4E5C-B2D5-155D153349F2}.Debug|Any CPU.Build.0 = Debug|Any CPU
		{3A2CDD2D-AC63-4E5C-B2D5-155D153349F2}.Release|Any CPU.ActiveCfg = Release|Any CPU
		{3A2CDD2D-AC63-4E5C-B2D5-155D153349F2}.Release|Any CPU.Build.0 = Release|Any CPU
	EndGlobalSection
	GlobalSection(SolutionProperties) = preSolution
		HideSolutionNode = FALSE
	EndGlobalSection
	GlobalSection(ExtensibilityGlobals) = postSolution
		SolutionGuid = {C2C83D63-97D2-4F3D-A701-1851CD1D58D9}
	EndGlobalSection
EndGlobal
